
Microsoft Visual Studio Solution File, Format Version 12.00
# Visual Studio Version 16
VisualStudioVersion = 16.0.31424.327
MinimumVisualStudioVersion = 10.0.40219.1
Project("{9A19103F-16F7-4668-BE54-9A1E7A4F7556}") = "Farmer.E-Market.API", "Farmer.E-Market.API\Farmer.E-Market.API.csproj", "{C5AF0F89-BCA3-4215-A0C4-649350CBE5D5}"
EndProject
Project("{FAE04EC0-301F-11D3-BF4B-00C04F79EFBC}") = "Farmer.Core", "Farmer.Core\Farmer.Core.csproj", "{1F0E0A40-9DE6-4914-AE82-EB0AB22CD420}"
EndProject
Project("{FAE04EC0-301F-11D3-BF4B-00C04F79EFBC}") = "Farmer.Infra", "Farmer.Infra\Farmer.Infra.csproj", "{FFAAE702-C206-4900-8C7C-39A3DC0D93C7}"
EndProject
Global
	GlobalSection(SolutionConfigurationPlatforms) = preSolution
		Debug|Any CPU = Debug|Any CPU
		Release|Any CPU = Release|Any CPU
	EndGlobalSection
	GlobalSection(ProjectConfigurationPlatforms) = postSolution
		{C5AF0F89-BCA3-4215-A0C4-649350CBE5D5}.Debug|Any CPU.ActiveCfg = Debug|Any CPU
		{C5AF0F89-BCA3-4215-A0C4-649350CBE5D5}.Debug|Any CPU.Build.0 = Debug|Any CPU
		{C5AF0F89-BCA3-4215-A0C4-649350CBE5D5}.Release|Any CPU.ActiveCfg = Release|Any CPU
		{C5AF0F89-BCA3-4215-A0C4-649350CBE5D5}.Release|Any CPU.Build.0 = Release|Any CPU
		{1F0E0A40-9DE6-4914-AE82-EB0AB22CD420}.Debug|Any CPU.ActiveCfg = Debug|Any CPU
		{1F0E0A40-9DE6-4914-AE82-EB0AB22CD420}.Debug|Any CPU.Build.0 = Debug|Any CPU
		{1F0E0A40-9DE6-4914-AE82-EB0AB22CD420}.Release|Any CPU.ActiveCfg = Release|Any CPU
		{1F0E0A40-9DE6-4914-AE82-EB0AB22CD420}.Release|Any CPU.Build.0 = Release|Any CPU
		{FFAAE702-C206-4900-8C7C-39A3DC0D93C7}.Debug|Any CPU.ActiveCfg = Debug|Any CPU
		{FFAAE702-C206-4900-8C7C-39A3DC0D93C7}.Debug|Any CPU.Build.0 = Debug|Any CPU
		{FFAAE702-C206-4900-8C7C-39A3DC0D93C7}.Release|Any CPU.ActiveCfg = Release|Any CPU
		{FFAAE702-C206-4900-8C7C-39A3DC0D93C7}.Release|Any CPU.Build.0 = Release|Any CPU
	EndGlobalSection
	GlobalSection(SolutionProperties) = preSolution
		HideSolutionNode = FALSE
	EndGlobalSection
	GlobalSection(ExtensibilityGlobals) = postSolution
		SolutionGuid = {4901437B-FC97-48C1-AE9E-8C920667DC1F}
	EndGlobalSection
EndGlobal
